# This file is automatically @generated by Cargo.
# It is not intended for manual editing.
version = 3

[[package]]
name = "dont-know-yet"
version = "0.1.0"
dependencies = [
 "sdl",
 "vulkan",
]

[[package]]
name = "sdl"
version = "0.1.0"
dependencies = [
 "vulkan",
]

[[package]]
name = "vulkan"
version = "0.1.0"
